Microsoft Visual Studio Solution File, Format Version 11.00
# Visual Studio 2008

Project("{28B3DCA7-0C74-65C8-9DFE-59BAA7F41737}") = "Project v2", "Assembly-CSharp.csproj", "{90C44EC8-2463-2129-D134-E4DCEA51D731}"
EndProject
Project("{28B3DCA7-0C74-65C8-9DFE-59BAA7F41737}") = "Project v2", "Assembly-CSharp-Editor.csproj", "{7E647DE5-6959-4E5E-7B8B-920367303DD4}"
EndProject
Project("{28B3DCA7-0C74-65C8-9DFE-59BAA7F41737}") = "Project v2", "Assembly-UnityScript.unityproj", "{31AF343B-1C39-D446-3D71-2D35108CB9EC}"
EndProject
Project("{28B3DCA7-0C74-65C8-9DFE-59BAA7F41737}") = "Project v2", "Assembly-UnityScript-Editor-firstpass.unityproj", "{CA9B1E2A-8C06-87E8-A718-883E9E06DA18}"
EndProject
Global
	GlobalSection(SolutionConfigurationPlatforms) = preSolution
		Debug|Any CPU = Debug|Any CPU
		Release|Any CPU = Release|Any CPU
	EndGlobalSection
	GlobalSection(ProjectConfigurationPlatforms) = postSolution
		{90C44EC8-2463-2129-D134-E4DCEA51D731}.Debug|Any CPU.ActiveCfg = Debug|Any CPU
		{90C44EC8-2463-2129-D134-E4DCEA51D731}.Debug|Any CPU.Build.0 = Debug|Any CPU
		{90C44EC8-2463-2129-D134-E4DCEA51D731}.Release|Any CPU.ActiveCfg = Release|Any CPU
		{90C44EC8-2463-2129-D134-E4DCEA51D731}.Release|Any CPU.Build.0 = Release|Any CPU
		{7E647DE5-6959-4E5E-7B8B-920367303DD4}.Debug|Any CPU.ActiveCfg = Debug|Any CPU
		{7E647DE5-6959-4E5E-7B8B-920367303DD4}.Debug|Any CPU.Build.0 = Debug|Any CPU
		{7E647DE5-6959-4E5E-7B8B-920367303DD4}.Release|Any CPU.ActiveCfg = Release|Any CPU
		{7E647DE5-6959-4E5E-7B8B-920367303DD4}.Release|Any CPU.Build.0 = Release|Any CPU
		{31AF343B-1C39-D446-3D71-2D35108CB9EC}.Debug|Any CPU.ActiveCfg = Debug|Any CPU
		{31AF343B-1C39-D446-3D71-2D35108CB9EC}.Debug|Any CPU.Build.0 = Debug|Any CPU
		{31AF343B-1C39-D446-3D71-2D35108CB9EC}.Release|Any CPU.ActiveCfg = Release|Any CPU
		{31AF343B-1C39-D446-3D71-2D35108CB9EC}.Release|Any CPU.Build.0 = Release|Any CPU
		{CA9B1E2A-8C06-87E8-A718-883E9E06DA18}.Debug|Any CPU.ActiveCfg = Debug|Any CPU
		{CA9B1E2A-8C06-87E8-A718-883E9E06DA18}.Debug|Any CPU.Build.0 = Debug|Any CPU
		{CA9B1E2A-8C06-87E8-A718-883E9E06DA18}.Release|Any CPU.ActiveCfg = Release|Any CPU
		{CA9B1E2A-8C06-87E8-A718-883E9E06DA18}.Release|Any CPU.Build.0 = Release|Any CPU
	EndGlobalSection
	GlobalSection(SolutionProperties) = preSolution
		HideSolutionNode = FALSE
	EndGlobalSection
																						GlobalSection(MonoDevelopProperties) = preSolution
		StartupItem = Assembly-CSharp.csproj
		Policies = $0
		$0.TextStylePolicy = $1
		$1.inheritsSet = null
		$1.scope = text/x-csharp
		$0.CSharpFormattingPolicy = $2
		$2.inheritsSet = Mono
		$2.inheritsScope = text/x-csharp
		$2.scope = text/x-csharp
		$0.TextStylePolicy = $3
		$3.FileWidth = 120
		$3.TabWidth = 4
		$3.IndentWidth = 4
		$3.EolMarker = Unix
		$3.inheritsSet = Mono
		$3.inheritsScope = text/plain
		$3.scope = text/plain
	EndGlobalSection

EndGlobal
